
Microsoft Visual Studio Solution File, Format Version 12.00
# Visual Studio Version 16
VisualStudioVersion = 16.0.30114.128
MinimumVisualStudioVersion = 10.0.40219.1
Project("{FAE04EC0-301F-11D3-BF4B-00C04F79EFBC}") = "MechanicShop", "MechanicShop\MechanicShop.csproj", "{00E77B39-30ED-4893-BA81-01F6D8B29E2C}"
EndProject
Global
	GlobalSection(SolutionConfigurationPlatforms) = preSolution
		Debug|Any CPU = Debug|Any CPU
		Release|Any CPU = Release|Any CPU
	EndGlobalSection
	GlobalSection(ProjectConfigurationPlatforms) = postSolution
		{00E77B39-30ED-4893-BA81-01F6D8B29E2C}.Debug|Any CPU.ActiveCfg = Debug|Any CPU
		{00E77B39-30ED-4893-BA81-01F6D8B29E2C}.Debug|Any CPU.Build.0 = Debug|Any CPU
		{00E77B39-30ED-4893-BA81-01F6D8B29E2C}.Release|Any CPU.ActiveCfg = Release|Any CPU
		{00E77B39-30ED-4893-BA81-01F6D8B29E2C}.Release|Any CPU.Build.0 = Release|Any CPU
	EndGlobalSection
	GlobalSection(SolutionProperties) = preSolution
		HideSolutionNode = FALSE
	EndGlobalSection
	GlobalSection(ExtensibilityGlobals) = postSolution
		SolutionGuid = {06763942-AA6C-4BA5-AEBA-0D993EF2D858}
	EndGlobalSection
EndGlobal
